
Microsoft Visual Studio Solution File, Format Version 12.00
# Visual Studio Version 17
VisualStudioVersion = 17.5.33424.131
MinimumVisualStudioVersion = 10.0.40219.1
Project("{FAE04EC0-301F-11D3-BF4B-00C04F79EFBC}") = "SimplexSolver", "SimplexSolver.csproj", "{693EE5FE-08F9-496E-A10E-EE553E8063C4}"
EndProject
Global
	GlobalSection(SolutionConfigurationPlatforms) = preSolution
		Debug|Any CPU = Debug|Any CPU
		Release|Any CPU = Release|Any CPU
	EndGlobalSection
	GlobalSection(ProjectConfigurationPlatforms) = postSolution
		{693EE5FE-08F9-496E-A10E-EE553E8063C4}.Debug|Any CPU.ActiveCfg = Debug|Any CPU
		{693EE5FE-08F9-496E-A10E-EE553E8063C4}.Debug|Any CPU.Build.0 = Debug|Any CPU
		{693EE5FE-08F9-496E-A10E-EE553E8063C4}.Release|Any CPU.ActiveCfg = Release|Any CPU
		{693EE5FE-08F9-496E-A10E-EE553E8063C4}.Release|Any CPU.Build.0 = Release|Any CPU
	EndGlobalSection
	GlobalSection(SolutionProperties) = preSolution
		HideSolutionNode = FALSE
	EndGlobalSection
	GlobalSection(ExtensibilityGlobals) = postSolution
		SolutionGuid = {AD1CA833-4119-4DCA-915E-181D6BE2847E}
	EndGlobalSection
EndGlobal
